<?xml version="1.0" encoding="utf-8"?>
<Project ToolsVersion="4.0" xmlns="http://schemas.microsoft.com/developer/msbuild/2003">
  <ItemGroup>
    <None Include="EngineFixes.ini" />
    <None Include="README.md" />
    <None Include="LICENSE" />
    <None Include=".gitignore" />
    <None Include=".gitattributes" />
    <None Include="EngineFixes_SNCT.ini" />
    <None Include=".clang-format" />
  </ItemGroup>
  <ItemGroup>
    <Filter Include="src">
      <UniqueIdentifier>{57c9eac9-3a96-4dbf-8d19-cdddafb51688}</UniqueIdentifier>
    </Filter>
    <Filter Include="include">
      <UniqueIdentifier>{aee06ac9-1bc5-42ef-858c-7657bb1ee832}</UniqueIdentifier>
    </Filter>
    <Filter Include="lib">
      <UniqueIdentifier>{81f08fb2-b949-4d41-9501-b1cf96c757e7}</UniqueIdentifier>
    </Filter>
    <Filter Include="src\fixes">
      <UniqueIdentifier>{a018247d-98c6-480a-b9b1-ce76fe0a4ce6}</UniqueIdentifier>
    </Filter>
    <Filter Include="src\patches">
      <UniqueIdentifier>{a0fb3d07-f4c1-4075-a77c-11c74ef9d686}</UniqueIdentifier>
    </Filter>
    <Filter Include="src\warnings">
      <UniqueIdentifier>{10b029bd-95bd-4f87-9c9f-e439b0333d7e}</UniqueIdentifier>
    </Filter>
  </ItemGroup>
  <ItemGroup>
    <ClCompile Include="src\main.cpp">
      <Filter>src</Filter>
    </ClCompile>
    <ClCompile Include="src\config.cpp">
      <Filter>src</Filter>
    </ClCompile>
    <ClCompile Include="src\fixes.cpp">
      <Filter>src</Filter>
    </ClCompile>
    <ClCompile Include="src\fixes\doubleperkapply.cpp">
      <Filter>src\fixes</Filter>
    </ClCompile>
    <ClCompile Include="src\fixes\savescreenshots.cpp">
      <Filter>src\fixes</Filter>
    </ClCompile>
    <ClCompile Include="src\utils.cpp">
      <Filter>src</Filter>
    </ClCompile>
    <ClCompile Include="src\fixes\miscfixes.cpp">
      <Filter>src\fixes</Filter>
    </ClCompile>
    <ClCompile Include="src\patches\miscpatches.cpp">
      <Filter>src\patches</Filter>
    </ClCompile>
    <ClCompile Include="src\patches.cpp">
      <Filter>src</Filter>
    </ClCompile>
    <ClCompile Include="src\patches\treelodreferencecaching.cpp">
      <Filter>src\patches</Filter>
    </ClCompile>
    <ClCompile Include="src\patches\saveaddedsoundcategories.cpp">
      <Filter>src\patches</Filter>
    </ClCompile>
    <ClCompile Include="src\patches\formcaching.cpp">
      <Filter>src\patches</Filter>
    </ClCompile>
    <ClCompile Include="src\warnings.cpp">
      <Filter>src</Filter>
    </ClCompile>
    <ClCompile Include="src\warnings\miscwarnings.cpp">
      <Filter>src\warnings</Filter>
    </ClCompile>
    <ClCompile Include="src\fixes\shaderfixes.cpp">
      <Filter>src\fixes</Filter>
    </ClCompile>
    <ClCompile Include="src\patches\memorymanager.cpp">
      <Filter>src\patches</Filter>
    </ClCompile>
  </ItemGroup>
  <ItemGroup>
    <ClInclude Include="include\version.h">
      <Filter>include</Filter>
    </ClInclude>
    <ClInclude Include="include\config.h">
      <Filter>include</Filter>
    </ClInclude>
    <ClInclude Include="lib\Simpleini.h">
      <Filter>lib</Filter>
    </ClInclude>
    <ClInclude Include="include\fixes.h">
      <Filter>include</Filter>
    </ClInclude>
    <ClInclude Include="include\offsets.h">
      <Filter>include</Filter>
    </ClInclude>
    <ClInclude Include="include\utils.h">
      <Filter>include</Filter>
    </ClInclude>
    <ClInclude Include="include\patches.h">
      <Filter>include</Filter>
    </ClInclude>
    <ClInclude Include="include\warnings.h">
      <Filter>include</Filter>
    </ClInclude>
    <ClInclude Include="lib\INIReader.h">
      <Filter>lib</Filter>
    </ClInclude>
  </ItemGroup>
  <ItemGroup>
    <ResourceCompile Include="version.rc" />
  </ItemGroup>
</Project>