<?xml version="1.0" encoding="utf-8"?>
<Project ToolsVersion="4.0" xmlns="http://schemas.microsoft.com/developer/msbuild/2003">
  <ItemGroup>
    <ClCompile Include="main.cpp" />
    <ClCompile Include="patches\DoublePerkApply.cpp">
      <Filter>patches</Filter>
    </ClCompile>
    <ClCompile Include="patches\SlowTimeCameraMove.cpp">
      <Filter>patches</Filter>
    </ClCompile>
    <ClCompile Include="patches\WaterflowTimer.cpp">
      <Filter>patches</Filter>
    </ClCompile>
    <ClCompile Include="patches\TreeReflection.cpp">
      <Filter>patches</Filter>
    </ClCompile>
    <ClCompile Include="config.cpp" />
    <ClCompile Include="patches\FormCaching.cpp">
      <Filter>patches</Filter>
    </ClCompile>
    <ClCompile Include="patches\VerticalLookSensitivity.cpp">
      <Filter>patches</Filter>
    </ClCompile>
    <ClCompile Include="patches\BSReadWriteLockCustom.cpp">
      <Filter>patches</Filter>
    </ClCompile>
    <ClCompile Include="lib\jemalloc\arena.c">
      <Filter>lib\jemalloc</Filter>
    </ClCompile>
    <ClCompile Include="lib\jemalloc\background_thread.c">
      <Filter>lib\jemalloc</Filter>
    </ClCompile>
    <ClCompile Include="lib\jemalloc\base.c">
      <Filter>lib\jemalloc</Filter>
    </ClCompile>
    <ClCompile Include="lib\jemalloc\bin.c">
      <Filter>lib\jemalloc</Filter>
    </ClCompile>
    <ClCompile Include="lib\jemalloc\bitmap.c">
      <Filter>lib\jemalloc</Filter>
    </ClCompile>
    <ClCompile Include="lib\jemalloc\ckh.c">
      <Filter>lib\jemalloc</Filter>
    </ClCompile>
    <ClCompile Include="lib\jemalloc\ctl.c">
      <Filter>lib\jemalloc</Filter>
    </ClCompile>
    <ClCompile Include="lib\jemalloc\div.c">
      <Filter>lib\jemalloc</Filter>
    </ClCompile>
    <ClCompile Include="lib\jemalloc\extent.c">
      <Filter>lib\jemalloc</Filter>
    </ClCompile>
    <ClCompile Include="lib\jemalloc\extent_dss.c">
      <Filter>lib\jemalloc</Filter>
    </ClCompile>
    <ClCompile Include="lib\jemalloc\extent_mmap.c">
      <Filter>lib\jemalloc</Filter>
    </ClCompile>
    <ClCompile Include="lib\jemalloc\hash.c">
      <Filter>lib\jemalloc</Filter>
    </ClCompile>
    <ClCompile Include="lib\jemalloc\hooks.c">
      <Filter>lib\jemalloc</Filter>
    </ClCompile>
    <ClCompile Include="lib\jemalloc\jemalloc.c">
      <Filter>lib\jemalloc</Filter>
    </ClCompile>
    <ClCompile Include="lib\jemalloc\large.c">
      <Filter>lib\jemalloc</Filter>
    </ClCompile>
    <ClCompile Include="lib\jemalloc\log.c">
      <Filter>lib\jemalloc</Filter>
    </ClCompile>
    <ClCompile Include="lib\jemalloc\malloc_io.c">
      <Filter>lib\jemalloc</Filter>
    </ClCompile>
    <ClCompile Include="lib\jemalloc\mutex.c">
      <Filter>lib\jemalloc</Filter>
    </ClCompile>
    <ClCompile Include="lib\jemalloc\mutex_pool.c">
      <Filter>lib\jemalloc</Filter>
    </ClCompile>
    <ClCompile Include="lib\jemalloc\nstime.c">
      <Filter>lib\jemalloc</Filter>
    </ClCompile>
    <ClCompile Include="lib\jemalloc\pages.c">
      <Filter>lib\jemalloc</Filter>
    </ClCompile>
    <ClCompile Include="lib\jemalloc\prng.c">
      <Filter>lib\jemalloc</Filter>
    </ClCompile>
    <ClCompile Include="lib\jemalloc\prof.c">
      <Filter>lib\jemalloc</Filter>
    </ClCompile>
    <ClCompile Include="lib\jemalloc\rtree.c">
      <Filter>lib\jemalloc</Filter>
    </ClCompile>
    <ClCompile Include="lib\jemalloc\stats.c">
      <Filter>lib\jemalloc</Filter>
    </ClCompile>
    <ClCompile Include="lib\jemalloc\sz.c">
      <Filter>lib\jemalloc</Filter>
    </ClCompile>
    <ClCompile Include="lib\jemalloc\tcache.c">
      <Filter>lib\jemalloc</Filter>
    </ClCompile>
    <ClCompile Include="lib\jemalloc\ticker.c">
      <Filter>lib\jemalloc</Filter>
    </ClCompile>
    <ClCompile Include="lib\jemalloc\tsd.c">
      <Filter>lib\jemalloc</Filter>
    </ClCompile>
    <ClCompile Include="lib\jemalloc\witness.c">
      <Filter>lib\jemalloc</Filter>
    </ClCompile>
    <ClCompile Include="patches\MemoryManager.cpp">
      <Filter>patches</Filter>
    </ClCompile>
    <ClCompile Include="util.cpp" />
    <ClCompile Include="patches\SnowSparkle.cpp">
      <Filter>patches</Filter>
    </ClCompile>
    <ClCompile Include="patches\SaveAddedSoundCategories.cpp">
      <Filter>patches</Filter>
    </ClCompile>
    <ClCompile Include="patches\MaxStdio.cpp">
      <Filter>patches</Filter>
    </ClCompile>
    <ClCompile Include="patches\PrecacheKiller.cpp">
      <Filter>patches</Filter>
    </ClCompile>
  </ItemGroup>
  <ItemGroup>
    <ClInclude Include="TES\CRC.h">
      <Filter>tes</Filter>
    </ClInclude>
    <ClInclude Include="TES\BSTScatterTable.h">
      <Filter>tes</Filter>
    </ClInclude>
    <ClInclude Include="TES\BSTArray.h">
      <Filter>tes</Filter>
    </ClInclude>
    <ClInclude Include="TES\BSTHashMap.h">
      <Filter>tes</Filter>
    </ClInclude>
    <ClInclude Include="patches\DoublePerkApply.h">
      <Filter>patches</Filter>
    </ClInclude>
    <ClInclude Include="patches\WaterflowTimer.h">
      <Filter>patches</Filter>
    </ClInclude>
    <ClInclude Include="patches\SlowTimeCameraMove.h">
      <Filter>patches</Filter>
    </ClInclude>
    <ClInclude Include="patches\TreeReflection.h">
      <Filter>patches</Filter>
    </ClInclude>
    <ClInclude Include="config.h" />
    <ClInclude Include="patches.h" />
    <ClInclude Include="patches\FormCaching.h">
      <Filter>patches</Filter>
    </ClInclude>
    <ClInclude Include="patches\VerticalLookSensitivity.h">
      <Filter>patches</Filter>
    </ClInclude>
    <ClInclude Include="patches\BSReadWriteLockCustom.h">
      <Filter>patches</Filter>
    </ClInclude>
    <ClInclude Include="util.h" />
    <ClInclude Include="patches\MemoryManager.h">
      <Filter>patches</Filter>
    </ClInclude>
    <ClInclude Include="patches\SnowSparkle.h">
      <Filter>patches</Filter>
    </ClInclude>
    <ClInclude Include="patches\SaveAddedSoundCategories.h">
      <Filter>patches</Filter>
    </ClInclude>
    <ClInclude Include="TES\BGSSoundCategory.h">
      <Filter>tes</Filter>
    </ClInclude>
    <ClInclude Include="lib\Simpleini.h">
      <Filter>lib</Filter>
    </ClInclude>
    <ClInclude Include="tes\BGSShaderParticleGeometryData.h">
      <Filter>tes</Filter>
    </ClInclude>
    <ClInclude Include="patches\MaxStdio.h">
      <Filter>patches</Filter>
    </ClInclude>
    <ClInclude Include="patches\PrecacheKiller.h">
      <Filter>patches</Filter>
    </ClInclude>
  </ItemGroup>
  <ItemGroup>
    <None Include="exports.def" />
    <None Include="README.md" />
    <None Include="EngineFixes64.ini" />
    <None Include="EngineFixes64_SNCT.ini" />
  </ItemGroup>
  <ItemGroup>
    <Filter Include="tes">
      <UniqueIdentifier>{1402134e-be73-4943-a5c3-7ea85d5cfde9}</UniqueIdentifier>
    </Filter>
    <Filter Include="patches">
      <UniqueIdentifier>{20efdf04-c36c-4ec8-b9ee-cab57d5f6fc6}</UniqueIdentifier>
    </Filter>
    <Filter Include="lib">
      <UniqueIdentifier>{d6dcd680-5037-4939-98e3-1716f35c6f6d}</UniqueIdentifier>
    </Filter>
    <Filter Include="lib\jemalloc">
      <UniqueIdentifier>{f2f514ff-e2da-4d54-921b-c151a91a1d4f}</UniqueIdentifier>
    </Filter>
  </ItemGroup>
</Project>