{
    __meta__ = {
        version = "1.0"
    },
    ["windows|x64"] = {
        ["cmake#31fecfc4"] = {
            repo = {
                branch = "master",
                commit = "30bf09689d5f65e9ea4e3904ceb675f8f04f0789",
                url = "https://github.com/xmake-io/xmake-repo.git"
            },
            version = "3.31.6-msvc6"
        },
        ["simpleini#31fecfc4"] = {
            repo = {
                branch = "master",
                commit = "365bac96a291d1829f6cb03ba85916bcb586df26",
                url = "https://gitlab.com/tboox/xmake-repo.git"
            },
            version = "v4.22"
        },
        ["spdlog#9c36f0a9"] = {
            repo = {
                branch = "master",
                commit = "d885463d7cea3253b436ded2f4f17fd8423c4eaa",
                url = "https://github.com/xmake-io/xmake-repo.git"
            },
            version = "v1.15.3"
        },
        ["vcpkg::boost-regex#31fecfc4"] = {
            version = "latest"
        },
        ["vcpkg::gtl#31fecfc4"] = {
            version = "latest"
        },
        ["vcpkg::mimalloc#31fecfc4"] = {
            version = "latest"
        },
        ["vcpkg::safetyhook#31fecfc4"] = {
            version = "latest"
        },
        ["vcpkg::zydis#31fecfc4"] = {
            version = "latest"
        },
        ["xbyak#31fecfc4"] = {
            repo = {
                branch = "master",
                commit = "365bac96a291d1829f6cb03ba85916bcb586df26",
                url = "https://gitlab.com/tboox/xmake-repo.git"
            },
            version = "v7.06"
        }
    },
    ["windows|x86"] = {
        ["cmake#31fecfc4"] = {
            repo = {
                branch = "master",
                commit = "365bac96a291d1829f6cb03ba85916bcb586df26",
                url = "https://gitlab.com/tboox/xmake-repo.git"
            },
            version = "3.31.6-msvc6"
        },
        ["ninja#31fecfc4"] = {
            repo = {
                branch = "master",
                commit = "365bac96a291d1829f6cb03ba85916bcb586df26",
                url = "https://gitlab.com/tboox/xmake-repo.git"
            },
            version = "1.12.1"
        },
        ["simpleini#31fecfc4"] = {
            repo = {
                branch = "master",
                commit = "365bac96a291d1829f6cb03ba85916bcb586df26",
                url = "https://gitlab.com/tboox/xmake-repo.git"
            },
            version = "v4.22"
        },
        ["spdlog#9c36f0a9"] = {
            repo = {
                branch = "master",
                commit = "365bac96a291d1829f6cb03ba85916bcb586df26",
                url = "https://gitlab.com/tboox/xmake-repo.git"
            },
            version = "v1.15.3"
        },
        ["xbyak#31fecfc4"] = {
            repo = {
                branch = "master",
                commit = "365bac96a291d1829f6cb03ba85916bcb586df26",
                url = "https://gitlab.com/tboox/xmake-repo.git"
            },
            version = "v7.06"
        }
    }
}